
Microsoft Visual Studio Solution File, Format Version 12.00
# Visual Studio Version 17
VisualStudioVersion = 17.13.35806.99
MinimumVisualStudioVersion = 10.0.40219.1
Project("{FAE04EC0-301F-11D3-BF4B-00C04F79EFBC}") = "lab_1_templates_sandu", "lab_1_templates_sandu\lab_1_templates_sandu.csproj", "{5FC7D261-393D-4D3B-B2AA-C3BA8C37EC1D}"
EndProject
Project("{FAE04EC0-301F-11D3-BF4B-00C04F79EFBC}") = "eUseControl.BusinessLogic", "eUseControl.BusinessLogic\eUseControl.BusinessLogic.csproj", "{D2C0DB73-B549-49BC-8F12-9C64CBD4DD85}"
EndProject
Project("{FAE04EC0-301F-11D3-BF4B-00C04F79EFBC}") = "eUseControl.Domain", "eUseControlBusinessLogic\eUseControl.Domain\eUseControl.Domain.csproj", "{8AD9C5A1-131B-4063-B605-C75F03009A17}"
EndProject
Project("{FAE04EC0-301F-11D3-BF4B-00C04F79EFBC}") = "eUseControl.Helpers", "eUseControl.Helpers\eUseControl.Helpers.csproj", "{385C037E-3377-4D6F-9712-D255D03AFECD}"
EndProject
Global
	GlobalSection(SolutionConfigurationPlatforms) = preSolution
		Debug|Any CPU = Debug|Any CPU
		Release|Any CPU = Release|Any CPU
	EndGlobalSection
	GlobalSection(ProjectConfigurationPlatforms) = postSolution
		{5FC7D261-393D-4D3B-B2AA-C3BA8C37EC1D}.Debug|Any CPU.ActiveCfg = Debug|Any CPU
		{5FC7D261-393D-4D3B-B2AA-C3BA8C37EC1D}.Debug|Any CPU.Build.0 = Debug|Any CPU
		{5FC7D261-393D-4D3B-B2AA-C3BA8C37EC1D}.Release|Any CPU.ActiveCfg = Release|Any CPU
		{5FC7D261-393D-4D3B-B2AA-C3BA8C37EC1D}.Release|Any CPU.Build.0 = Release|Any CPU
		{D2C0DB73-B549-49BC-8F12-9C64CBD4DD85}.Debug|Any CPU.ActiveCfg = Debug|Any CPU
		{D2C0DB73-B549-49BC-8F12-9C64CBD4DD85}.Debug|Any CPU.Build.0 = Debug|Any CPU
		{D2C0DB73-B549-49BC-8F12-9C64CBD4DD85}.Release|Any CPU.ActiveCfg = Release|Any CPU
		{D2C0DB73-B549-49BC-8F12-9C64CBD4DD85}.Release|Any CPU.Build.0 = Release|Any CPU
		{8AD9C5A1-131B-4063-B605-C75F03009A17}.Debug|Any CPU.ActiveCfg = Debug|Any CPU
		{8AD9C5A1-131B-4063-B605-C75F03009A17}.Debug|Any CPU.Build.0 = Debug|Any CPU
		{8AD9C5A1-131B-4063-B605-C75F03009A17}.Release|Any CPU.ActiveCfg = Release|Any CPU
		{8AD9C5A1-131B-4063-B605-C75F03009A17}.Release|Any CPU.Build.0 = Release|Any CPU
		{385C037E-3377-4D6F-9712-D255D03AFECD}.Debug|Any CPU.ActiveCfg = Debug|Any CPU
		{385C037E-3377-4D6F-9712-D255D03AFECD}.Debug|Any CPU.Build.0 = Debug|Any CPU
		{385C037E-3377-4D6F-9712-D255D03AFECD}.Release|Any CPU.ActiveCfg = Release|Any CPU
		{385C037E-3377-4D6F-9712-D255D03AFECD}.Release|Any CPU.Build.0 = Release|Any CPU
	EndGlobalSection
	GlobalSection(SolutionProperties) = preSolution
		HideSolutionNode = FALSE
	EndGlobalSection
	GlobalSection(ExtensibilityGlobals) = postSolution
		SolutionGuid = {3D1448BE-E72B-41D1-B276-C66165C5AFF1}
	EndGlobalSection
EndGlobal
